
Microsoft Visual Studio Solution File, Format Version 12.00
# Visual Studio 14
VisualStudioVersion = 14.0.24720.0
MinimumVisualStudioVersion = 10.0.40219.1
Project("{FAE04EC0-301F-11D3-BF4B-00C04F79EFBC}") = "Android", "Example\Android\Android.csproj", "{B806EB6A-686F-466F-B3F7-6977496F8D49}"
EndProject
Project("{FAE04EC0-301F-11D3-BF4B-00C04F79EFBC}") = "WindowsPhone", "Example\WindowsPhone\WindowsPhone.csproj", "{DEE9F6D1-2B0D-4607-AD18-8FA08C76E94E}"
EndProject
Project("{FAE04EC0-301F-11D3-BF4B-00C04F79EFBC}") = "Portable", "Example\Portable\Portable.csproj", "{ACB0ABEA-324C-4B30-9070-A1827DE34C8A}"
EndProject
Global
	GlobalSection(SolutionConfigurationPlatforms) = preSolution
		Ad-Hoc|Any CPU = Ad-Hoc|Any CPU
		Ad-Hoc|ARM = Ad-Hoc|ARM
		Ad-Hoc|iPhone = Ad-Hoc|iPhone
		Ad-Hoc|iPhoneSimulator = Ad-Hoc|iPhoneSimulator
		Ad-Hoc|x86 = Ad-Hoc|x86
		AppStore|Any CPU = AppStore|Any CPU
		AppStore|ARM = AppStore|ARM
		AppStore|iPhone = AppStore|iPhone
		AppStore|iPhoneSimulator = AppStore|iPhoneSimulator
		AppStore|x86 = AppStore|x86
		Debug|Any CPU = Debug|Any CPU
		Debug|ARM = Debug|ARM
		Debug|iPhone = Debug|iPhone
		Debug|iPhoneSimulator = Debug|iPhoneSimulator
		Debug|x86 = Debug|x86
		Release|Any CPU = Release|Any CPU
		Release|ARM = Release|ARM
		Release|iPhone = Release|iPhone
		Release|iPhoneSimulator = Release|iPhoneSimulator
		Release|x86 = Release|x86
	EndGlobalSection
	GlobalSection(ProjectConfigurationPlatforms) = postSolution
		{B806EB6A-686F-466F-B3F7-6977496F8D49}.Ad-Hoc|Any CPU.ActiveCfg = Release|Any CPU
		{B806EB6A-686F-466F-B3F7-6977496F8D49}.Ad-Hoc|Any CPU.Build.0 = Release|Any CPU
		{B806EB6A-686F-466F-B3F7-6977496F8D49}.Ad-Hoc|Any CPU.Deploy.0 = Release|Any CPU
		{B806EB6A-686F-466F-B3F7-6977496F8D49}.Ad-Hoc|ARM.ActiveCfg = Release|Any CPU
		{B806EB6A-686F-466F-B3F7-6977496F8D49}.Ad-Hoc|ARM.Build.0 = Release|Any CPU
		{B806EB6A-686F-466F-B3F7-6977496F8D49}.Ad-Hoc|ARM.Deploy.0 = Release|Any CPU
		{B806EB6A-686F-466F-B3F7-6977496F8D49}.Ad-Hoc|iPhone.ActiveCfg = Release|Any CPU
		{B806EB6A-686F-466F-B3F7-6977496F8D49}.Ad-Hoc|iPhone.Build.0 = Release|Any CPU
		{B806EB6A-686F-466F-B3F7-6977496F8D49}.Ad-Hoc|iPhone.Deploy.0 = Release|Any CPU
		{B806EB6A-686F-466F-B3F7-6977496F8D49}.Ad-Hoc|iPhoneSimulator.ActiveCfg = Release|Any CPU
		{B806EB6A-686F-466F-B3F7-6977496F8D49}.Ad-Hoc|iPhoneSimulator.Build.0 = Release|Any CPU
		{B806EB6A-686F-466F-B3F7-6977496F8D49}.Ad-Hoc|iPhoneSimulator.Deploy.0 = Release|Any CPU
		{B806EB6A-686F-466F-B3F7-6977496F8D49}.Ad-Hoc|x86.ActiveCfg = Release|Any CPU
		{B806EB6A-686F-466F-B3F7-6977496F8D49}.Ad-Hoc|x86.Build.0 = Release|Any CPU
		{B806EB6A-686F-466F-B3F7-6977496F8D49}.Ad-Hoc|x86.Deploy.0 = Release|Any CPU
		{B806EB6A-686F-466F-B3F7-6977496F8D49}.AppStore|Any CPU.ActiveCfg = Release|Any CPU
		{B806EB6A-686F-466F-B3F7-6977496F8D49}.AppStore|Any CPU.Build.0 = Release|Any CPU
		{B806EB6A-686F-466F-B3F7-6977496F8D49}.AppStore|Any CPU.Deploy.0 = Release|Any CPU
		{B806EB6A-686F-466F-B3F7-6977496F8D49}.AppStore|ARM.ActiveCfg = Release|Any CPU
		{B806EB6A-686F-466F-B3F7-6977496F8D49}.AppStore|ARM.Build.0 = Release|Any CPU
		{B806EB6A-686F-466F-B3F7-6977496F8D49}.AppStore|ARM.Deploy.0 = Release|Any CPU
		{B806EB6A-686F-466F-B3F7-6977496F8D49}.AppStore|iPhone.ActiveCfg = Release|Any CPU
		{B806EB6A-686F-466F-B3F7-6977496F8D49}.AppStore|iPhone.Build.0 = Release|Any CPU
		{B806EB6A-686F-466F-B3F7-6977496F8D49}.AppStore|iPhone.Deploy.0 = Release|Any CPU
		{B806EB6A-686F-466F-B3F7-6977496F8D49}.AppStore|iPhoneSimulator.ActiveCfg = Release|Any CPU
		{B806EB6A-686F-466F-B3F7-6977496F8D49}.AppStore|iPhoneSimulator.Build.0 = Release|Any CPU
		{B806EB6A-686F-466F-B3F7-6977496F8D49}.AppStore|iPhoneSimulator.Deploy.0 = Release|Any CPU
		{B806EB6A-686F-466F-B3F7-6977496F8D49}.AppStore|x86.ActiveCfg = Release|Any CPU
		{B806EB6A-686F-466F-B3F7-6977496F8D49}.AppStore|x86.Build.0 = Release|Any CPU
		{B806EB6A-686F-466F-B3F7-6977496F8D49}.AppStore|x86.Deploy.0 = Release|Any CPU
		{B806EB6A-686F-466F-B3F7-6977496F8D49}.Debug|Any CPU.ActiveCfg = Debug|Any CPU
		{B806EB6A-686F-466F-B3F7-6977496F8D49}.Debug|Any CPU.Build.0 = Debug|Any CPU
		{B806EB6A-686F-466F-B3F7-6977496F8D49}.Debug|Any CPU.Deploy.0 = Debug|Any CPU
		{B806EB6A-686F-466F-B3F7-6977496F8D49}.Debug|ARM.ActiveCfg = Debug|Any CPU
		{B806EB6A-686F-466F-B3F7-6977496F8D49}.Debug|ARM.Build.0 = Debug|Any CPU
		{B806EB6A-686F-466F-B3F7-6977496F8D49}.Debug|ARM.Deploy.0 = Debug|Any CPU
		{B806EB6A-686F-466F-B3F7-6977496F8D49}.Debug|iPhone.ActiveCfg = Debug|Any CPU
		{B806EB6A-686F-466F-B3F7-6977496F8D49}.Debug|iPhone.Build.0 = Debug|Any CPU
		{B806EB6A-686F-466F-B3F7-6977496F8D49}.Debug|iPhone.Deploy.0 = Debug|Any CPU
		{B806EB6A-686F-466F-B3F7-6977496F8D49}.Debug|iPhoneSimulator.ActiveCfg = Debug|Any CPU
		{B806EB6A-686F-466F-B3F7-6977496F8D49}.Debug|iPhoneSimulator.Build.0 = Debug|Any CPU
		{B806EB6A-686F-466F-B3F7-6977496F8D49}.Debug|iPhoneSimulator.Deploy.0 = Debug|Any CPU
		{B806EB6A-686F-466F-B3F7-6977496F8D49}.Debug|x86.ActiveCfg = Debug|Any CPU
		{B806EB6A-686F-466F-B3F7-6977496F8D49}.Debug|x86.Build.0 = Debug|Any CPU
		{B806EB6A-686F-466F-B3F7-6977496F8D49}.Debug|x86.Deploy.0 = Debug|Any CPU
		{B806EB6A-686F-466F-B3F7-6977496F8D49}.Release|Any CPU.ActiveCfg = Release|Any CPU
		{B806EB6A-686F-466F-B3F7-6977496F8D49}.Release|Any CPU.Build.0 = Release|Any CPU
		{B806EB6A-686F-466F-B3F7-6977496F8D49}.Release|Any CPU.Deploy.0 = Release|Any CPU
		{B806EB6A-686F-466F-B3F7-6977496F8D49}.Release|ARM.ActiveCfg = Release|Any CPU
		{B806EB6A-686F-466F-B3F7-6977496F8D49}.Release|ARM.Build.0 = Release|Any CPU
		{B806EB6A-686F-466F-B3F7-6977496F8D49}.Release|ARM.Deploy.0 = Release|Any CPU
		{B806EB6A-686F-466F-B3F7-6977496F8D49}.Release|iPhone.ActiveCfg = Release|Any CPU
		{B806EB6A-686F-466F-B3F7-6977496F8D49}.Release|iPhone.Build.0 = Release|Any CPU
		{B806EB6A-686F-466F-B3F7-6977496F8D49}.Release|iPhone.Deploy.0 = Release|Any CPU
		{B806EB6A-686F-466F-B3F7-6977496F8D49}.Release|iPhoneSimulator.ActiveCfg = Release|Any CPU
		{B806EB6A-686F-466F-B3F7-6977496F8D49}.Release|iPhoneSimulator.Build.0 = Release|Any CPU
		{B806EB6A-686F-466F-B3F7-6977496F8D49}.Release|iPhoneSimulator.Deploy.0 = Release|Any CPU
		{B806EB6A-686F-466F-B3F7-6977496F8D49}.Release|x86.ActiveCfg = Release|Any CPU
		{B806EB6A-686F-466F-B3F7-6977496F8D49}.Release|x86.Build.0 = Release|Any CPU
		{B806EB6A-686F-466F-B3F7-6977496F8D49}.Release|x86.Deploy.0 = Release|Any CPU
		{DEE9F6D1-2B0D-4607-AD18-8FA08C76E94E}.Ad-Hoc|Any CPU.ActiveCfg = Release|Any CPU
		{DEE9F6D1-2B0D-4607-AD18-8FA08C76E94E}.Ad-Hoc|Any CPU.Build.0 = Release|Any CPU
		{DEE9F6D1-2B0D-4607-AD18-8FA08C76E94E}.Ad-Hoc|Any CPU.Deploy.0 = Release|Any CPU
		{DEE9F6D1-2B0D-4607-AD18-8FA08C76E94E}.Ad-Hoc|ARM.ActiveCfg = Release|ARM
		{DEE9F6D1-2B0D-4607-AD18-8FA08C76E94E}.Ad-Hoc|ARM.Build.0 = Release|ARM
		{DEE9F6D1-2B0D-4607-AD18-8FA08C76E94E}.Ad-Hoc|ARM.Deploy.0 = Release|ARM
		{DEE9F6D1-2B0D-4607-AD18-8FA08C76E94E}.Ad-Hoc|iPhone.ActiveCfg = Release|Any CPU
		{DEE9F6D1-2B0D-4607-AD18-8FA08C76E94E}.Ad-Hoc|iPhone.Build.0 = Release|Any CPU
		{DEE9F6D1-2B0D-4607-AD18-8FA08C76E94E}.Ad-Hoc|iPhone.Deploy.0 = Release|Any CPU
		{DEE9F6D1-2B0D-4607-AD18-8FA08C76E94E}.Ad-Hoc|iPhoneSimulator.ActiveCfg = Release|Any CPU
		{DEE9F6D1-2B0D-4607-AD18-8FA08C76E94E}.Ad-Hoc|iPhoneSimulator.Build.0 = Release|Any CPU
		{DEE9F6D1-2B0D-4607-AD18-8FA08C76E94E}.Ad-Hoc|iPhoneSimulator.Deploy.0 = Release|Any CPU
		{DEE9F6D1-2B0D-4607-AD18-8FA08C76E94E}.Ad-Hoc|x86.ActiveCfg = Release|x86
		{DEE9F6D1-2B0D-4607-AD18-8FA08C76E94E}.Ad-Hoc|x86.Build.0 = Release|x86
		{DEE9F6D1-2B0D-4607-AD18-8FA08C76E94E}.Ad-Hoc|x86.Deploy.0 = Release|x86
		{DEE9F6D1-2B0D-4607-AD18-8FA08C76E94E}.AppStore|Any CPU.ActiveCfg = Release|Any CPU
		{DEE9F6D1-2B0D-4607-AD18-8FA08C76E94E}.AppStore|Any CPU.Build.0 = Release|Any CPU
		{DEE9F6D1-2B0D-4607-AD18-8FA08C76E94E}.AppStore|Any CPU.Deploy.0 = Release|Any CPU
		{DEE9F6D1-2B0D-4607-AD18-8FA08C76E94E}.AppStore|ARM.ActiveCfg = Release|ARM
		{DEE9F6D1-2B0D-4607-AD18-8FA08C76E94E}.AppStore|ARM.Build.0 = Release|ARM
		{DEE9F6D1-2B0D-4607-AD18-8FA08C76E94E}.AppStore|ARM.Deploy.0 = Release|ARM
		{DEE9F6D1-2B0D-4607-AD18-8FA08C76E94E}.AppStore|iPhone.ActiveCfg = Release|Any CPU
		{DEE9F6D1-2B0D-4607-AD18-8FA08C76E94E}.AppStore|iPhone.Build.0 = Release|Any CPU
		{DEE9F6D1-2B0D-4607-AD18-8FA08C76E94E}.AppStore|iPhone.Deploy.0 = Release|Any CPU
		{DEE9F6D1-2B0D-4607-AD18-8FA08C76E94E}.AppStore|iPhoneSimulator.ActiveCfg = Release|Any CPU
		{DEE9F6D1-2B0D-4607-AD18-8FA08C76E94E}.AppStore|iPhoneSimulator.Build.0 = Release|Any CPU
		{DEE9F6D1-2B0D-4607-AD18-8FA08C76E94E}.AppStore|iPhoneSimulator.Deploy.0 = Release|Any CPU
		{DEE9F6D1-2B0D-4607-AD18-8FA08C76E94E}.AppStore|x86.ActiveCfg = Release|x86
		{DEE9F6D1-2B0D-4607-AD18-8FA08C76E94E}.AppStore|x86.Build.0 = Release|x86
		{DEE9F6D1-2B0D-4607-AD18-8FA08C76E94E}.AppStore|x86.Deploy.0 = Release|x86
		{DEE9F6D1-2B0D-4607-AD18-8FA08C76E94E}.Debug|Any CPU.ActiveCfg = Debug|Any CPU
		{DEE9F6D1-2B0D-4607-AD18-8FA08C76E94E}.Debug|Any CPU.Build.0 = Debug|Any CPU
		{DEE9F6D1-2B0D-4607-AD18-8FA08C76E94E}.Debug|Any CPU.Deploy.0 = Debug|Any CPU
		{DEE9F6D1-2B0D-4607-AD18-8FA08C76E94E}.Debug|ARM.ActiveCfg = Debug|ARM
		{DEE9F6D1-2B0D-4607-AD18-8FA08C76E94E}.Debug|ARM.Build.0 = Debug|ARM
		{DEE9F6D1-2B0D-4607-AD18-8FA08C76E94E}.Debug|ARM.Deploy.0 = Debug|ARM
		{DEE9F6D1-2B0D-4607-AD18-8FA08C76E94E}.Debug|iPhone.ActiveCfg = Debug|Any CPU
		{DEE9F6D1-2B0D-4607-AD18-8FA08C76E94E}.Debug|iPhone.Build.0 = Debug|Any CPU
		{DEE9F6D1-2B0D-4607-AD18-8FA08C76E94E}.Debug|iPhone.Deploy.0 = Debug|Any CPU
		{DEE9F6D1-2B0D-4607-AD18-8FA08C76E94E}.Debug|iPhoneSimulator.ActiveCfg = Debug|Any CPU
		{DEE9F6D1-2B0D-4607-AD18-8FA08C76E94E}.Debug|iPhoneSimulator.Build.0 = Debug|Any CPU
		{DEE9F6D1-2B0D-4607-AD18-8FA08C76E94E}.Debug|iPhoneSimulator.Deploy.0 = Debug|Any CPU
		{DEE9F6D1-2B0D-4607-AD18-8FA08C76E94E}.Debug|x86.ActiveCfg = Debug|x86
		{DEE9F6D1-2B0D-4607-AD18-8FA08C76E94E}.Debug|x86.Build.0 = Debug|x86
		{DEE9F6D1-2B0D-4607-AD18-8FA08C76E94E}.Debug|x86.Deploy.0 = Debug|x86
		{DEE9F6D1-2B0D-4607-AD18-8FA08C76E94E}.Release|Any CPU.ActiveCfg = Release|Any CPU
		{DEE9F6D1-2B0D-4607-AD18-8FA08C76E94E}.Release|Any CPU.Build.0 = Release|Any CPU
		{DEE9F6D1-2B0D-4607-AD18-8FA08C76E94E}.Release|Any CPU.Deploy.0 = Release|Any CPU
		{DEE9F6D1-2B0D-4607-AD18-8FA08C76E94E}.Release|ARM.ActiveCfg = Release|ARM
		{DEE9F6D1-2B0D-4607-AD18-8FA08C76E94E}.Release|ARM.Build.0 = Release|ARM
		{DEE9F6D1-2B0D-4607-AD18-8FA08C76E94E}.Release|ARM.Deploy.0 = Release|ARM
		{DEE9F6D1-2B0D-4607-AD18-8FA08C76E94E}.Release|iPhone.ActiveCfg = Release|Any CPU
		{DEE9F6D1-2B0D-4607-AD18-8FA08C76E94E}.Release|iPhone.Build.0 = Release|Any CPU
		{DEE9F6D1-2B0D-4607-AD18-8FA08C76E94E}.Release|iPhone.Deploy.0 = Release|Any CPU
		{DEE9F6D1-2B0D-4607-AD18-8FA08C76E94E}.Release|iPhoneSimulator.ActiveCfg = Release|Any CPU
		{DEE9F6D1-2B0D-4607-AD18-8FA08C76E94E}.Release|iPhoneSimulator.Build.0 = Release|Any CPU
		{DEE9F6D1-2B0D-4607-AD18-8FA08C76E94E}.Release|iPhoneSimulator.Deploy.0 = Release|Any CPU
		{DEE9F6D1-2B0D-4607-AD18-8FA08C76E94E}.Release|x86.ActiveCfg = Release|x86
		{DEE9F6D1-2B0D-4607-AD18-8FA08C76E94E}.Release|x86.Build.0 = Release|x86
		{DEE9F6D1-2B0D-4607-AD18-8FA08C76E94E}.Release|x86.Deploy.0 = Release|x86
		{ACB0ABEA-324C-4B30-9070-A1827DE34C8A}.Ad-Hoc|Any CPU.ActiveCfg = Release|Any CPU
		{ACB0ABEA-324C-4B30-9070-A1827DE34C8A}.Ad-Hoc|Any CPU.Build.0 = Release|Any CPU
		{ACB0ABEA-324C-4B30-9070-A1827DE34C8A}.Ad-Hoc|ARM.ActiveCfg = Release|Any CPU
		{ACB0ABEA-324C-4B30-9070-A1827DE34C8A}.Ad-Hoc|ARM.Build.0 = Release|Any CPU
		{ACB0ABEA-324C-4B30-9070-A1827DE34C8A}.Ad-Hoc|iPhone.ActiveCfg = Release|Any CPU
		{ACB0ABEA-324C-4B30-9070-A1827DE34C8A}.Ad-Hoc|iPhone.Build.0 = Release|Any CPU
		{ACB0ABEA-324C-4B30-9070-A1827DE34C8A}.Ad-Hoc|iPhoneSimulator.ActiveCfg = Release|Any CPU
		{ACB0ABEA-324C-4B30-9070-A1827DE34C8A}.Ad-Hoc|iPhoneSimulator.Build.0 = Release|Any CPU
		{ACB0ABEA-324C-4B30-9070-A1827DE34C8A}.Ad-Hoc|x86.ActiveCfg = Release|Any CPU
		{ACB0ABEA-324C-4B30-9070-A1827DE34C8A}.Ad-Hoc|x86.Build.0 = Release|Any CPU
		{ACB0ABEA-324C-4B30-9070-A1827DE34C8A}.AppStore|Any CPU.ActiveCfg = Release|Any CPU
		{ACB0ABEA-324C-4B30-9070-A1827DE34C8A}.AppStore|Any CPU.Build.0 = Release|Any CPU
		{ACB0ABEA-324C-4B30-9070-A1827DE34C8A}.AppStore|ARM.ActiveCfg = Release|Any CPU
		{ACB0ABEA-324C-4B30-9070-A1827DE34C8A}.AppStore|ARM.Build.0 = Release|Any CPU
		{ACB0ABEA-324C-4B30-9070-A1827DE34C8A}.AppStore|iPhone.ActiveCfg = Release|Any CPU
		{ACB0ABEA-324C-4B30-9070-A1827DE34C8A}.AppStore|iPhone.Build.0 = Release|Any CPU
		{ACB0ABEA-324C-4B30-9070-A1827DE34C8A}.AppStore|iPhoneSimulator.ActiveCfg = Release|Any CPU
		{ACB0ABEA-324C-4B30-9070-A1827DE34C8A}.AppStore|iPhoneSimulator.Build.0 = Release|Any CPU
		{ACB0ABEA-324C-4B30-9070-A1827DE34C8A}.AppStore|x86.ActiveCfg = Release|Any CPU
		{ACB0ABEA-324C-4B30-9070-A1827DE34C8A}.AppStore|x86.Build.0 = Release|Any CPU
		{ACB0ABEA-324C-4B30-9070-A1827DE34C8A}.Debug|Any CPU.ActiveCfg = Debug|Any CPU
		{ACB0ABEA-324C-4B30-9070-A1827DE34C8A}.Debug|Any CPU.Build.0 = Debug|Any CPU
		{ACB0ABEA-324C-4B30-9070-A1827DE34C8A}.Debug|ARM.ActiveCfg = Debug|Any CPU
		{ACB0ABEA-324C-4B30-9070-A1827DE34C8A}.Debug|ARM.Build.0 = Debug|Any CPU
		{ACB0ABEA-324C-4B30-9070-A1827DE34C8A}.Debug|iPhone.ActiveCfg = Debug|Any CPU
		{ACB0ABEA-324C-4B30-9070-A1827DE34C8A}.Debug|iPhone.Build.0 = Debug|Any CPU
		{ACB0ABEA-324C-4B30-9070-A1827DE34C8A}.Debug|iPhoneSimulator.ActiveCfg = Debug|Any CPU
		{ACB0ABEA-324C-4B30-9070-A1827DE34C8A}.Debug|iPhoneSimulator.Build.0 = Debug|Any CPU
		{ACB0ABEA-324C-4B30-9070-A1827DE34C8A}.Debug|x86.ActiveCfg = Debug|Any CPU
		{ACB0ABEA-324C-4B30-9070-A1827DE34C8A}.Debug|x86.Build.0 = Debug|Any CPU
		{ACB0ABEA-324C-4B30-9070-A1827DE34C8A}.Release|Any CPU.ActiveCfg = Release|Any CPU
		{ACB0ABEA-324C-4B30-9070-A1827DE34C8A}.Release|Any CPU.Build.0 = Release|Any CPU
		{ACB0ABEA-324C-4B30-9070-A1827DE34C8A}.Release|ARM.ActiveCfg = Release|Any CPU
		{ACB0ABEA-324C-4B30-9070-A1827DE34C8A}.Release|ARM.Build.0 = Release|Any CPU
		{ACB0ABEA-324C-4B30-9070-A1827DE34C8A}.Release|iPhone.ActiveCfg = Release|Any CPU
		{ACB0ABEA-324C-4B30-9070-A1827DE34C8A}.Release|iPhone.Build.0 = Release|Any CPU
		{ACB0ABEA-324C-4B30-9070-A1827DE34C8A}.Release|iPhoneSimulator.ActiveCfg = Release|Any CPU
		{ACB0ABEA-324C-4B30-9070-A1827DE34C8A}.Release|iPhoneSimulator.Build.0 = Release|Any CPU
		{ACB0ABEA-324C-4B30-9070-A1827DE34C8A}.Release|x86.ActiveCfg = Release|Any CPU
		{ACB0ABEA-324C-4B30-9070-A1827DE34C8A}.Release|x86.Build.0 = Release|Any CPU
	EndGlobalSection
	GlobalSection(SolutionProperties) = preSolution
		HideSolutionNode = FALSE
	EndGlobalSection
EndGlobal
